// !$*UTF8*$!
{
	archiveVersion = 1;
	classes = {
	};
	objectVersion = 46;
	objects = {

/* Begin PBXBuildFile section */
		AC0E81CF1EA4E24000E53493 /* marguerita.jpg in Resources */ = {isa = PBXBuildFile; fileRef = AC0E81CD1EA4E24000E53493 /* marguerita.jpg */; };
		AC0E81D01EA4E24000E53493 /* pepperoni.jpeg in Resources */ = {isa = PBXBuildFile; fileRef = AC0E81CE1EA4E24000E53493 /* pepperoni.jpeg */; };
		AC0E81D31EA4E32A00E53493 /* brigadeiro.jpg in Resources */ = {isa = PBXBuildFile; fileRef = AC0E81D11EA4E32A00E53493 /* brigadeiro.jpg */; };
		AC0E81D41EA4E32B00E53493 /* m&m.jpg in Resources */ = {isa = PBXBuildFile; fileRef = AC0E81D21EA4E32A00E53493 /* m&m.jpg */; };
		AC0E81D81EA4E3BA00E53493 /* nestea.jpg in Resources */ = {isa = PBXBuildFile; fileRef = AC0E81D61EA4E3BA00E53493 /* nestea.jpg */; };
		AC0E81DA1EA4E43D00E53493 /* delvalle.jpg in Resources */ = {isa = PBXBuildFile; fileRef = AC0E81D91EA4E43D00E53493 /* delvalle.jpg */; };
		AC0E81DC1EA4E59500E53493 /* pizzaria.jpg in Resources */ = {isa = PBXBuildFile; fileRef = AC0E81DB1EA4E59500E53493 /* pizzaria.jpg */; };
		AC65CE9A1EA4D98800FCCBDD /* AppDelegate.swift in Sources */ = {isa = PBXBuildFile; fileRef = AC65CE991EA4D98800FCCBDD /* AppDelegate.swift */; };
		AC65CE9C1EA4D98800FCCBDD /* ViewController.swift in Sources */ = {isa = PBXBuildFile; fileRef = AC65CE9B1EA4D98800FCCBDD /* ViewController.swift */; };
		AC65CE9F1EA4D98800FCCBDD /* Main.storyboard in Resources */ = {isa = PBXBuildFile; fileRef = AC65CE9D1EA4D98800FCCBDD /* Main.storyboard */; };
		AC65CEA11EA4D98800FCCBDD /* Assets.xcassets in Resources */ = {isa = PBXBuildFile; fileRef = AC65CEA01EA4D98800FCCBDD /* Assets.xcassets */; };
		AC65CEA41EA4D98800FCCBDD /* LaunchScreen.storyboard in Resources */ = {isa = PBXBuildFile; fileRef = AC65CEA21EA4D98800FCCBDD /* LaunchScreen.storyboard */; };
/* End PBXBuildFile section */

/* Begin PBXFileReference section */
		AC0E81CD1EA4E24000E53493 /* marguerita.jpg */ = {isa = PBXFileReference; lastKnownFileType = image.jpeg; name = marguerita.jpg; path = Imagens/marguerita.jpg; sourceTree = "<group>"; };
		AC0E81CE1EA4E24000E53493 /* pepperoni.jpeg */ = {isa = PBXFileReference; lastKnownFileType = image.jpeg; name = pepperoni.jpeg; path = Imagens/pepperoni.jpeg; sourceTree = "<group>"; };
		AC0E81D11EA4E32A00E53493 /* brigadeiro.jpg */ = {isa = PBXFileReference; lastKnownFileType = image.jpeg; name = brigadeiro.jpg; path = Imagens/brigadeiro.jpg; sourceTree = "<group>"; };
		AC0E81D21EA4E32A00E53493 /* m&m.jpg */ = {isa = PBXFileReference; lastKnownFileType = image.jpeg; name = "m&m.jpg"; path = "Imagens/m&m.jpg"; sourceTree = "<group>"; };
		AC0E81D61EA4E3BA00E53493 /* nestea.jpg */ = {isa = PBXFileReference; lastKnownFileType = image.jpeg; name = nestea.jpg; path = Imagens/nestea.jpg; sourceTree = "<group>"; };
		AC0E81D91EA4E43D00E53493 /* delvalle.jpg */ = {isa = PBXFileReference; lastKnownFileType = image.jpeg; name = delvalle.jpg; path = Imagens/delvalle.jpg; sourceTree = "<group>"; };
		AC0E81DB1EA4E59500E53493 /* pizzaria.jpg */ = {isa = PBXFileReference; lastKnownFileType = image.jpeg; name = pizzaria.jpg; path = Imagens/pizzaria.jpg; sourceTree = "<group>"; };
		AC65CE961EA4D98800FCCBDD /* nacEx1RM76433.app */ = {isa = PBXFileReference; explicitFileType = wrapper.application; includeInIndex = 0; path = nacEx1RM76433.app; sourceTree = BUILT_PRODUCTS_DIR; };
		AC65CE991EA4D98800FCCBDD /* AppDelegate.swift */ = {isa = PBXFileReference; lastKnownFileType = sourcecode.swift; path = AppDelegate.swift; sourceTree = "<group>"; };
		AC65CE9B1EA4D98800FCCBDD /* ViewController.swift */ = {isa = PBXFileReference; lastKnownFileType = sourcecode.swift; path = ViewController.swift; sourceTree = "<group>"; };
		AC65CE9E1EA4D98800FCCBDD /* Base */ = {isa = PBXFileReference; lastKnownFileType = file.storyboard; name = Base; path = Base.lproj/Main.storyboard; sourceTree = "<group>"; };
		AC65CEA01EA4D98800FCCBDD /* Assets.xcassets */ = {isa = PBXFileReference; lastKnownFileType = folder.assetcatalog; path = Assets.xcassets; sourceTree = "<group>"; };
		AC65CEA31EA4D98800FCCBDD /* Base */ = {isa = PBXFileReference; lastKnownFileType = file.storyboard; name = Base; path = Base.lproj/LaunchScreen.storyboard; sourceTree = "<group>"; };
		AC65CEA51EA4D98800FCCBDD /* Info.plist */ = {isa = PBXFileReference; lastKnownFileType = text.plist.xml; path = Info.plist; sourceTree = "<group>"; };
/* End PBXFileReference section */

/* Begin PBXFrameworksBuildPhase section */
		AC65CE931EA4D98700FCCBDD /* Frameworks */ = {
			isa = PBXFrameworksBuildPhase;
			buildActionMask = 2147483647;
			files = (
			);
			runOnlyForDeploymentPostprocessing = 0;
		};
/* End PBXFrameworksBuildPhase section */

/* Begin PBXGroup section */
		AC65CE8D1EA4D98700FCCBDD = {
			isa = PBXGroup;
			children = (
				AC65CE981EA4D98800FCCBDD /* nacEx1RM76433 */,
				AC65CE971EA4D98800FCCBDD /* Products */,
			);
			sourceTree = "<group>";
		};
		AC65CE971EA4D98800FCCBDD /* Products */ = {
			isa = PBXGroup;
			children = (
				AC65CE961EA4D98800FCCBDD /* nacEx1RM76433.app */,
			);
			name = Products;
			sourceTree = "<group>";
		};
		AC65CE981EA4D98800FCCBDD /* nacEx1RM76433 */ = {
			isa = PBXGroup;
			children = (
				AC913F401EA4E06100A6D1EC /* Imagens */,
				AC65CE991EA4D98800FCCBDD /* AppDelegate.swift */,
				AC65CE9B1EA4D98800FCCBDD /* ViewController.swift */,
				AC65CE9D1EA4D98800FCCBDD /* Main.storyboard */,
				AC65CEA01EA4D98800FCCBDD /* Assets.xcassets */,
				AC65CEA21EA4D98800FCCBDD /* LaunchScreen.storyboard */,
				AC65CEA51EA4D98800FCCBDD /* Info.plist */,
			);
			path = nacEx1RM76433;
			sourceTree = "<group>";
		};
		AC913F401EA4E06100A6D1EC /* Imagens */ = {
			isa = PBXGroup;
			children = (
				AC0E81CD1EA4E24000E53493 /* marguerita.jpg */,
				AC0E81CE1EA4E24000E53493 /* pepperoni.jpeg */,
				AC0E81D11EA4E32A00E53493 /* brigadeiro.jpg */,
				AC0E81D21EA4E32A00E53493 /* m&m.jpg */,
				AC0E81D61EA4E3BA00E53493 /* nestea.jpg */,
				AC0E81D91EA4E43D00E53493 /* delvalle.jpg */,
				AC0E81DB1EA4E59500E53493 /* pizzaria.jpg */,
			);
			name = Imagens;
			sourceTree = "<group>";
		};
/* End PBXGroup section */

/* Begin PBXNativeTarget section */
		AC65CE951EA4D98700FCCBDD /* nacEx1RM76433 */ = {
			isa = PBXNativeTarget;
			buildConfigurationList = AC65CEA81EA4D98800FCCBDD /* Build configuration list for PBXNativeTarget "nacEx1RM76433" */;
			buildPhases = (
				AC65CE921EA4D98700FCCBDD /* Sources */,
				AC65CE931EA4D98700FCCBDD /* Frameworks */,
				AC65CE941EA4D98700FCCBDD /* Resources */,
			);
			buildRules = (
			);
			dependencies = (
			);
			name = nacEx1RM76433;
			productName = nacEx1RM76433;
			productReference = AC65CE961EA4D98800FCCBDD /* nacEx1RM76433.app */;
			productType = "com.apple.product-type.application";
		};
/* End PBXNativeTarget section */

/* Begin PBXProject section */
		AC65CE8E1EA4D98700FCCBDD /* Project object */ = {
			isa = PBXProject;
			attributes = {
				LastSwiftUpdateCheck = 0810;
				LastUpgradeCheck = 0810;
				ORGANIZATIONNAME = "Usuário Convidado";
				TargetAttributes = {
					AC65CE951EA4D98700FCCBDD = {
						CreatedOnToolsVersion = 8.1;
						ProvisioningStyle = Automatic;
					};
				};
			};
			buildConfigurationList = AC65CE911EA4D98700FCCBDD /* Build configuration list for PBXProject "nacEx1RM76433" */;
			compatibilityVersion = "Xcode 3.2";
			developmentRegion = English;
			hasScannedForEncodings = 0;
			knownRegions = (
				en,
				Base,
			);
			mainGroup = AC65CE8D1EA4D98700FCCBDD;
			productRefGroup = AC65CE971EA4D98800FCCBDD /* Products */;
			projectDirPath = "";
			projectRoot = "";
			targets = (
				AC65CE951EA4D98700FCCBDD /* nacEx1RM76433 */,
			);
		};
/* End PBXProject section */

/* Begin PBXResourcesBuildPhase section */
		AC65CE941EA4D98700FCCBDD /* Resources */ = {
			isa = PBXResourcesBuildPhase;
			buildActionMask = 2147483647;
			files = (
				AC0E81D81EA4E3BA00E53493 /* nestea.jpg in Resources */,
				AC0E81DC1EA4E59500E53493 /* pizzaria.jpg in Resources */,
				AC65CEA41EA4D98800FCCBDD /* LaunchScreen.storyboard in Resources */,
				AC0E81D41EA4E32B00E53493 /* m&m.jpg in Resources */,
				AC65CEA11EA4D98800FCCBDD /* Assets.xcassets in Resources */,
				AC0E81CF1EA4E24000E53493 /* marguerita.jpg in Resources */,
				AC65CE9F1EA4D98800FCCBDD /* Main.storyboard in Resources */,
				AC0E81DA1EA4E43D00E53493 /* delvalle.jpg in Resources */,
				AC0E81D01EA4E24000E53493 /* pepperoni.jpeg in Resources */,
				AC0E81D31EA4E32A00E53493 /* brigadeiro.jpg in Resources */,
			);
			runOnlyForDeploymentPostprocessing = 0;
		};
/* End PBXResourcesBuildPhase section */

/* Begin PBXSourcesBuildPhase section */
		AC65CE921EA4D98700FCCBDD /* Sources */ = {
			isa = PBXSourcesBuildPhase;
			buildActionMask = 2147483647;
			files = (
				AC65CE9C1EA4D98800FCCBDD /* ViewController.swift in Sources */,
				AC65CE9A1EA4D98800FCCBDD /* AppDelegate.swift in Sources */,
			);
			runOnlyForDeploymentPostprocessing = 0;
		};
/* End PBXSourcesBuildPhase section */

/* Begin PBXVariantGroup section */
		AC65CE9D1EA4D98800FCCBDD /* Main.storyboard */ = {
			isa = PBXVariantGroup;
			children = (
				AC65CE9E1EA4D98800FCCBDD /* Base */,
			);
			name = Main.storyboard;
			sourceTree = "<group>";
		};
		AC65CEA21EA4D98800FCCBDD /* LaunchScreen.storyboard */ = {
			isa = PBXVariantGroup;
			children = (
				AC65CEA31EA4D98800FCCBDD /* Base */,
			);
			name = LaunchScreen.storyboard;
			sourceTree = "<group>";
		};
/* End PBXVariantGroup section */

/* Begin XCBuildConfiguration section */
		AC65CEA61EA4D98800FCCBDD /* Debug */ = {
			isa = XCBuildConfiguration;
			buildSettings = {
				ALWAYS_SEARCH_USER_PATHS = NO;
				CLANG_ANALYZER_NONNULL = YES;
				CLANG_CXX_LANGUAGE_STANDARD = "gnu++0x";
				CLANG_CXX_LIBRARY = "libc++";
				CLANG_ENABLE_MODULES = YES;
				CLANG_ENABLE_OBJC_ARC = YES;
				CLANG_WARN_BOOL_CONVERSION = YES;
				CLANG_WARN_CONSTANT_CONVERSION = YES;
				CLANG_WARN_DIRECT_OBJC_ISA_USAGE = YES_ERROR;
				CLANG_WARN_DOCUMENTATION_COMMENTS = YES;
				CLANG_WARN_EMPTY_BODY = YES;
				CLANG_WARN_ENUM_CONVERSION = YES;
				CLANG_WARN_INFINITE_RECURSION = YES;
				CLANG_WARN_INT_CONVERSION = YES;
				CLANG_WARN_OBJC_ROOT_CLASS = YES_ERROR;
				CLANG_WARN_SUSPICIOUS_MOVES = YES;
				CLANG_WARN_UNREACHABLE_CODE = YES;
				CLANG_WARN__DUPLICATE_METHOD_MATCH = YES;
				"CODE_SIGN_IDENTITY[sdk=iphoneos*]" = "iPhone Developer";
				COPY_PHASE_STRIP = NO;
				DEBUG_INFORMATION_FORMAT = dwarf;
				ENABLE_STRICT_OBJC_MSGSEND = YES;
				ENABLE_TESTABILITY = YES;
				GCC_C_LANGUAGE_STANDARD = gnu99;
				GCC_DYNAMIC_NO_PIC = NO;
				GCC_NO_COMMON_BLOCKS = YES;
				GCC_OPTIMIZATION_LEVEL = 0;
				GCC_PREPROCESSOR_DEFINITIONS = (
					"DEBUG=1",
					"$(inherited)",
				);
				GCC_WARN_64_TO_32_BIT_CONVERSION = YES;
				GCC_WARN_ABOUT_RETURN_TYPE = YES_ERROR;
				GCC_WARN_UNDECLARED_SELECTOR = YES;
				GCC_WARN_UNINITIALIZED_AUTOS = YES_AGGRESSIVE;
				GCC_WARN_UNUSED_FUNCTION = YES;
				GCC_WARN_UNUSED_VARIABLE = YES;
				IPHONEOS_DEPLOYMENT_TARGET = 10.1;
				MTL_ENABLE_DEBUG_INFO = YES;
				ONLY_ACTIVE_ARCH = YES;
				SDKROOT = iphoneos;
				SWIFT_ACTIVE_COMPILATION_CONDITIONS = DEBUG;
				SWIFT_OPTIMIZATION_LEVEL = "-Onone";
				TARGETED_DEVICE_FAMILY = "1,2";
			};
			name = Debug;
		};
		AC65CEA71EA4D98800FCCBDD /* Release */ = {
			isa = XCBuildConfiguration;
			buildSettings = {
				ALWAYS_SEARCH_USER_PATHS = NO;
				CLANG_ANALYZER_NONNULL = YES;
				CLANG_CXX_LANGUAGE_STANDARD = "gnu++0x";
				CLANG_CXX_LIBRARY = "libc++";
				CLANG_ENABLE_MODULES = YES;
				CLANG_ENABLE_OBJC_ARC = YES;
				CLANG_WARN_BOOL_CONVERSION = YES;
				CLANG_WARN_CONSTANT_CONVERSION = YES;
				CLANG_WARN_DIRECT_OBJC_ISA_USAGE = YES_ERROR;
				CLANG_WARN_DOCUMENTATION_COMMENTS = YES;
				CLANG_WARN_EMPTY_BODY = YES;
				CLANG_WARN_ENUM_CONVERSION = YES;
				CLANG_WARN_INFINITE_RECURSION = YES;
				CLANG_WARN_INT_CONVERSION = YES;
				CLANG_WARN_OBJC_ROOT_CLASS = YES_ERROR;
				CLANG_WARN_SUSPICIOUS_MOVES = YES;
				CLANG_WARN_UNREACHABLE_CODE = YES;
				CLANG_WARN__DUPLICATE_METHOD_MATCH = YES;
				"CODE_SIGN_IDENTITY[sdk=iphoneos*]" = "iPhone Developer";
				COPY_PHASE_STRIP = NO;
				DEBUG_INFORMATION_FORMAT = "dwarf-with-dsym";
				ENABLE_NS_ASSERTIONS = NO;
				ENABLE_STRICT_OBJC_MSGSEND = YES;
				GCC_C_LANGUAGE_STANDARD = gnu99;
				GCC_NO_COMMON_BLOCKS = YES;
				GCC_WARN_64_TO_32_BIT_CONVERSION = YES;
				GCC_WARN_ABOUT_RETURN_TYPE = YES_ERROR;
				GCC_WARN_UNDECLARED_SELECTOR = YES;
				GCC_WARN_UNINITIALIZED_AUTOS = YES_AGGRESSIVE;
				GCC_WARN_UNUSED_FUNCTION = YES;
				GCC_WARN_UNUSED_VARIABLE = YES;
				IPHONEOS_DEPLOYMENT_TARGET = 10.1;
				MTL_ENABLE_DEBUG_INFO = NO;
				SDKROOT = iphoneos;
				SWIFT_OPTIMIZATION_LEVEL = "-Owholemodule";
				TARGETED_DEVICE_FAMILY = "1,2";
				VALIDATE_PRODUCT = YES;
			};
			name = Release;
		};
		AC65CEA91EA4D98800FCCBDD /* Debug */ = {
			isa = XCBuildConfiguration;
			buildSettings = {
				ASSETCATALOG_COMPILER_APPICON_NAME = AppIcon;
				INFOPLIST_FILE = nacEx1RM76433/Info.plist;
				IPHONEOS_DEPLOYMENT_TARGET = 10.1;
				LD_RUNPATH_SEARCH_PATHS = "$(inherited) @executable_path/Frameworks";
				PRODUCT_BUNDLE_IDENTIFIER = FIAP.nacEx1RM76433;
				PRODUCT_NAME = "$(TARGET_NAME)";
				SWIFT_VERSION = 3.0;
			};
			name = Debug;
		};
		AC65CEAA1EA4D98800FCCBDD /* Release */ = {
			isa = XCBuildConfiguration;
			buildSettings = {
				ASSETCATALOG_COMPILER_APPICON_NAME = AppIcon;
				INFOPLIST_FILE = nacEx1RM76433/Info.plist;
				IPHONEOS_DEPLOYMENT_TARGET = 10.1;
				LD_RUNPATH_SEARCH_PATHS = "$(inherited) @executable_path/Frameworks";
				PRODUCT_BUNDLE_IDENTIFIER = FIAP.nacEx1RM76433;
				PRODUCT_NAME = "$(TARGET_NAME)";
				SWIFT_VERSION = 3.0;
			};
			name = Release;
		};
/* End XCBuildConfiguration section */

/* Begin XCConfigurationList section */
		AC65CE911EA4D98700FCCBDD /* Build configuration list for PBXProject "nacEx1RM76433" */ = {
			isa = XCConfigurationList;
			buildConfigurations = (
				AC65CEA61EA4D98800FCCBDD /* Debug */,
				AC65CEA71EA4D98800FCCBDD /* Release */,
			);
			defaultConfigurationIsVisible = 0;
			defaultConfigurationName = Release;
		};
		AC65CEA81EA4D98800FCCBDD /* Build configuration list for PBXNativeTarget "nacEx1RM76433" */ = {
			isa = XCConfigurationList;
			buildConfigurations = (
				AC65CEA91EA4D98800FCCBDD /* Debug */,
				AC65CEAA1EA4D98800FCCBDD /* Release */,
			);
			defaultConfigurationIsVisible = 0;
			defaultConfigurationName = Release;
		};
/* End XCConfigurationList section */
	};
	rootObject = AC65CE8E1EA4D98700FCCBDD /* Project object */;
}
